version = 1
revision = 3
requires-python = "==3.12.*"
resolution-markers = [
    "platform_machine == 'AMD64' and sys_platform == 'win32'",
]
supported-markers = [
    "platform_machine == 'AMD64' and sys_platform == 'win32'",
]
conflicts = [[
    { package = "quest3d", extra = "gpu-blackwell" },
    { package = "quest3d", group = "gpu-default" },
]]

[[package]]
name = "av"
version = "15.0.0"
source = { registry = "https://pypi.org/simple" }
sdist = { url = "https://files.pythonhosted.org/packages/17/89/940a509ee7e9449f0c877fa984b37b7cc485546035cc67bbc353f2ac20f3/av-15.0.0.tar.gz", hash = "sha256:871c1a9becddf00b60b1294dc0bff9ff193ac31286aeec1a34039bd27e650183", size = 3833128, upload-time = "2025-07-03T16:23:48.455Z" }
wheels = [
    { url = "https://files.pythonhosted.org/packages/bd/30/40452705dffbfef0f5505d36218970dfeff0a86048689910219c8717b310/av-15.0.0-cp312-cp312-win_amd64.whl", hash = "sha256:383f1b57520d790069d85fc75f43cfa32fca07f5fb3fb842be37bd596638602c", size = 31357617, upload-time = "2025-07-03T16:22:43.934Z" },
]

[[package]]
name = "colorama"
version = "0.4.6"
source = { registry = "https://pypi.org/simple" }
sdist = { url = "https://files.pythonhosted.org/packages/d8/53/6f443c9a4a8358a93a6792e2acffb9d9d5cb0a5cfd8802644b7b1c9a02e4/colorama-0.4.6.tar.gz", hash = "sha256:08695f5cb7ed6e0531a20572697297273c47b8cae5a63ffc6d6ed5c201be6e44", size = 27697, upload-time = "2022-10-25T02:36:22.414Z" }
wheels = [
    { url = "https://files.pythonhosted.org/packages/d1/d6/3965ed04c63042e047cb6a3e6ed1a63a35087b6a609aa3a15ed8ac56c221/colorama-0.4.6-py2.py3-none-any.whl", hash = "sha256:4f1d9991f5acc0ca119f9d443620b77f9d6b33703e51011c16baf57afb285fc6", size = 25335, upload-time = "2022-10-25T02:36:20.889Z" },
]

[[package]]
name = "filelock"
version = "3.32.6"
source = { registry = "https://pypi.org/simple" }
sdist = { url = "https://files.pythonhosted.org/packages/38/46/126b1831dca12060d4a8296bf9c4fe5c93c4f22197fa239cb0cc82042bba/filelock-3.32.6.tar.gz", hash = "sha256:a3f55a18af3652a94d8f47d6055df434f254ca1d02ef2524850c6d249ca2512c", size = 225172, upload-time = "2026-09-08T22:57:11.528Z" }
wheels = [
    { url = "https://files.pythonhosted.org/packages/cc/06/4f138f618dbea66803291274f228f01daf29f306fe8b96bc30dab765df75/filelock-3.32.6-py3-none-any.whl", hash = "sha256:3f16ecd0117feae0dfc147e8c62eb5daeccd8bd800378c3ddf416de9b4feb6b1", size = 100189, upload-time = "2026-09-08T22:57:10.182Z" },
]

[[package]]
name = "fsspec"
version = "2026.7.0"
source = { registry = "https://pypi.org/simple" }
sdist = { url = "https://files.pythonhosted.org/packages/00/78/f34251dadb8f3921264a1d9b8946f5e542014ee2614b285261b4e40e6775/fsspec-2026.7.0.tar.gz", hash = "sha256:c803c40f4cf860b49dea58ee3e1c33cb9c790520e233537e1340049f89b82a88", size = 317040, upload-time = "2026-07-28T16:34:51.052Z" }
wheels = [
    { url = "https://files.pythonhosted.org/packages/fd/3c/6a2bf344106328fd04963664a60b9bb6496fc25df8e962fcdc1367285fb9/fsspec-2026.7.0-py3-none-any.whl", hash = "sha256:b57ddbafedfaef7018c1ecab32aa200a9d7ca26b77965f64e48b70061249d279", size = 206583, upload-time = "2026-07-28T16:34:49.538Z" },
]

[[package]]
name = "iniconfig"
version = "2.3.0"
source = { registry = "https://pypi.org/simple" }
sdist = { url = "https://files.pythonhosted.org/packages/72/34/14ca021ce8e5dfedc35312d08ba8bf51fdd999c576889fc2c24cb97f4f10/iniconfig-2.3.0.tar.gz", hash = "sha256:c76315c77db068650d49c5b56314774a7804df16fee4402c1f19d6d15d8c4730", size = 20503, upload-time = "2025-10-18T21:55:43.219Z" }
wheels = [
    { url = "https://files.pythonhosted.org/packages/cb/b1/3846dd7f199d53cb17f49cba7e651e9ce294d8497c8c150530ed11865bb8/iniconfig-2.3.0-py3-none-any.whl", hash = "sha256:f631c04d2c48c52b84d0d0549c99ff3859c98df65b3101406327ecc7d53fbf12", size = 7484, upload-time = "2025-10-18T21:55:41.639Z" },
]

[[package]]
name = "jinja2"
version = "3.1.6"
source = { registry = "https://pypi.org/simple" }
dependencies = [
    { name = "markupsafe", marker = "platform_machine == 'AMD64' and sys_platform == 'win32'" },
]
sdist = { url = "https://files.pythonhosted.org/packages/df/bf/f7da0350254c0ed7c72f3e33cef02e048281fec7ecec5f032d4aac52226b/jinja2-3.1.6.tar.gz", hash = "sha256:0137fb05990d35f1275a587e9aee6d56da821fc83491a0fb838183be43f66d6d", size = 245115, upload-time = "2025-03-05T20:05:02.478Z" }
wheels = [
    { url = "https://files.pythonhosted.org/packages/62/a1/3d680cbfd5f4b8f15abc1d571870c5fc3e594bb582bc3b64ea099db13e56/jinja2-3.1.6-py3-none-any.whl", hash = "sha256:85ece4451f492d0c13c5dd7c13a64681a86afae63a5f347908daf103ce6d2f67", size = 134899, upload-time = "2025-03-05T20:05:00.369Z" },
]

[[package]]
name = "markupsafe"
version = "3.0.3"
source = { registry = "https://pypi.org/simple" }
sdist = { url = "https://files.pythonhosted.org/packages/7e/99/7690b6d4034fffd95959cbe0c02de8deb3098cc577c67bb6a24fe5d7caa7/markupsafe-3.0.3.tar.gz", hash = "sha256:722695808f4b6457b320fdc131280796bdceb04ab50fe1795cd540799ebe1698", size = 80313, upload-time = "2025-09-27T18:37:40.426Z" }
wheels = [
    { url = "https://files.pythonhosted.org/packages/aa/5b/bec5aa9bbbb2c946ca2733ef9c4ca91c91b6a24580193e891b5f7dbe8e1e/markupsafe-3.0.3-cp312-cp312-win_amd64.whl", hash = "sha256:26a5784ded40c9e318cfc2bdb30fe164bdb8665ded9cd64d500a34fb42067b1c", size = 15105, upload-time = "2025-09-27T18:36:39.701Z" },
]

[[package]]
name = "mpmath"
version = "1.3.0"
source = { registry = "https://pypi.org/simple" }
sdist = { url = "https://files.pythonhosted.org/packages/e0/47/dd32fa426cc72114383ac549964eecb20ecfd886d1e5ccf5340b55b02f57/mpmath-1.3.0.tar.gz", hash = "sha256:7a28eb2a9774d00c7bc92411c19a89209d5da7c4c9a9e227be8330a23a25b91f", size = 508106, upload-time = "2023-03-07T16:47:11.061Z" }
wheels = [
    { url = "https://files.pythonhosted.org/packages/43/e3/7d92a15f894aa0c9c4b49b8ee9ac9850d6e63b03c9c32c0367a13ae62209/mpmath-1.3.0-py3-none-any.whl", hash = "sha256:a0b2b9fe80bbcd81a6647ff13108738cfb482d481d826cc0e02f5b35e5c88d2c", size = 536198, upload-time = "2023-03-07T16:47:09.197Z" },
]

[[package]]
name = "mss"
version = "10.1.0"
source = { registry = "https://pypi.org/simple" }
sdist = { url = "https://files.pythonhosted.org/packages/40/ca/49b67437a8c46d9732c9c274d7b1fc0c181cfe290d699a0c5e94701dfe79/mss-10.1.0.tar.gz", hash = "sha256:7182baf7ee16ca569e2804028b6ab9bcbf6be5c46fc2880840f33b513b9cb4f8", size = 84200, upload-time = "2025-08-16T12:11:00.119Z" }
wheels = [
    { url = "https://files.pythonhosted.org/packages/23/28/1e3e5cd1d677cca68b26166f704f72e35b1e8b6d5076d8ebeebc4e40a649/mss-10.1.0-py3-none-any.whl", hash = "sha256:9179c110cadfef5dc6dc4a041a0cd161c74c379218648e6640b48c6b5cfe8918", size = 24525, upload-time = "2025-08-16T12:10:59.111Z" },
]

[[package]]
name = "networkx"
version = "3.6.1"
source = { registry = "https://pypi.org/simple" }
sdist = { url = "https://files.pythonhosted.org/packages/6a/51/63fe664f3908c97be9d2e4f1158eb633317598cfa6e1fc14af5383f17512/networkx-3.6.1.tar.gz", hash = "sha256:26b7c357accc0c8cde558ad486283728b65b6a95d85ee1cd66bafab4c8168509", size = 2517025, upload-time = "2025-12-08T17:02:39.908Z" }
wheels = [
    { url = "https://files.pythonhosted.org/packages/9e/c9/b2622292ea83fbb4ec318f5b9ab867d0a28ab43c5717bb85b0a5f6b3b0a4/networkx-3.6.1-py3-none-any.whl", hash = "sha256:d47fbf302e7d9cbbb9e2555a0d267983d2aa476bac30e90dfbe5669bd57f3762", size = 2068504, upload-time = "2025-12-08T17:02:38.159Z" },
]

[[package]]
name = "numpy"
version = "2.2.6"
source = { registry = "https://pypi.org/simple" }
sdist = { url = "https://files.pythonhosted.org/packages/76/21/7d2a95e4bba9dc13d043ee156a356c0a8f0c6309dff6b21b4d71a073b8a8/numpy-2.2.6.tar.gz", hash = "sha256:e29554e2bef54a90aa5cc07da6ce955accb83f21ab5de01a62c8478897b264fd", size = 20276440, upload-time = "2025-05-17T22:38:04.611Z" }
wheels = [
    { url = "https://files.pythonhosted.org/packages/36/fa/8c9210162ca1b88529ab76b41ba02d433fd54fecaf6feb70ef9f124683f1/numpy-2.2.6-cp312-cp312-win_amd64.whl", hash = "sha256:c1f9540be57940698ed329904db803cf7a402f3fc200bfe599334c9bd84a40b2", size = 12614190, upload-time = "2025-05-17T21:37:26.213Z" },
]

[[package]]
name = "opencv-python-headless"
version = "4.11.0.86"
source = { registry = "https://pypi.org/simple" }
dependencies = [
    { name = "numpy", marker = "(platform_machine == 'AMD64' and sys_platform == 'win32') or (platform_machine != 'AMD64' and extra == 'extra-7-quest3d-gpu-blackwell' and extra == 'group-7-quest3d-gpu-default') or (sys_platform != 'win32' and extra == 'extra-7-quest3d-gpu-blackwell' and extra == 'group-7-quest3d-gpu-default')" },
]
sdist = { url = "https://files.pythonhosted.org/packages/36/2f/5b2b3ba52c864848885ba988f24b7f105052f68da9ab0e693cc7c25b0b30/opencv-python-headless-4.11.0.86.tar.gz", hash = "sha256:996eb282ca4b43ec6a3972414de0e2331f5d9cda2b41091a49739c19fb843798", size = 95177929, upload-time = "2025-01-16T13:53:40.22Z" }
wheels = [
    { url = "https://files.pythonhosted.org/packages/86/8a/69176a64335aed183529207ba8bc3d329c2999d852b4f3818027203f50e6/opencv_python_headless-4.11.0.86-cp37-abi3-win_amd64.whl", hash = "sha256:6c304df9caa7a6a5710b91709dd4786bf20a74d57672b3c31f7033cc638174ca", size = 39402386, upload-time = "2025-01-16T13:52:56.418Z" },
]

[[package]]
name = "packaging"
version = "26.3"
source = { registry = "https://pypi.org/simple" }
sdist = { url = "https://files.pythonhosted.org/packages/7d/fa/3944b40b07da9ce895c0e6303a5ab7d53da063554f534556b134a54d6093/packaging-26.3.tar.gz", hash = "sha256:94edc256424af38762eb31306eed28beb9f0efc50a8837492c9d6fd6004aed79", size = 313412, upload-time = "2026-08-04T18:15:28.737Z" }
wheels = [
    { url = "https://files.pythonhosted.org/packages/63/34/ba1c580383c9eada3711951fef0795c80b829a078d72188184bcab9dd527/packaging-26.3-py3-none-any.whl", hash = "sha256:d7193f7c8e4e93f444fde0262bf90af30e16fa0ad0ad44cb553c87339b23cd1c", size = 129956, upload-time = "2026-08-04T18:15:27.159Z" },
]

[[package]]
name = "pillow"
version = "11.2.1"
source = { registry = "https://pypi.org/simple" }
sdist = { url = "https://files.pythonhosted.org/packages/af/cb/bb5c01fcd2a69335b86c22142b2bccfc3464087efb7fd382eee5ffc7fdf7/pillow-11.2.1.tar.gz", hash = "sha256:a64dd61998416367b7ef979b73d3a85853ba9bec4c2925f74e588879a58716b6", size = 47026707, upload-time = "2025-04-12T17:50:03.289Z" }
wheels = [
    { url = "https://files.pythonhosted.org/packages/7c/18/24bff2ad716257fc03da964c5e8f05d9790a779a8895d6566e493ccf0189/pillow-11.2.1-cp312-cp312-win_amd64.whl", hash = "sha256:14e33b28bf17c7a38eede290f77db7c664e4eb01f7869e37fa98a5aa95978941", size = 2676768, upload-time = "2025-04-12T17:48:19.655Z" },
]

[[package]]
name = "pluggy"
version = "1.6.0"
source = { registry = "https://pypi.org/simple" }
sdist = { url = "https://files.pythonhosted.org/packages/f9/e2/3e91f31a7d2b083fe6ef3fa267035b518369d9511ffab804f839851d2779/pluggy-1.6.0.tar.gz", hash = "sha256:7dcc130b76258d33b90f61b658791dede3486c3e6bfb003ee5c9bfb396dd22f3", size = 69412, upload-time = "2025-05-15T12:30:07.975Z" }
wheels = [
    { url = "https://files.pythonhosted.org/packages/54/20/4d324d65cc6d9205fabedc306948156824eb9f0ee1633355a8f7ec5c66bf/pluggy-1.6.0-py3-none-any.whl", hash = "sha256:e920276dd6813095e9377c0bc5566d94c932c33b27a3e3945d8389c374dd4746", size = 20538, upload-time = "2025-05-15T12:30:06.134Z" },
]

[[package]]
name = "psutil"
version = "7.0.0"
source = { registry = "https://pypi.org/simple" }
sdist = { url = "https://files.pythonhosted.org/packages/2a/80/336820c1ad9286a4ded7e845b2eccfcb27851ab8ac6abece774a6ff4d3de/psutil-7.0.0.tar.gz", hash = "sha256:7be9c3eba38beccb6495ea33afd982a44074b78f28c434a1f51cc07fd315c456", size = 497003, upload-time = "2025-02-13T21:54:07.946Z" }
wheels = [
    { url = "https://files.pythonhosted.org/packages/50/1b/6921afe68c74868b4c9fa424dad3be35b095e16687989ebbb50ce4fceb7c/psutil-7.0.0-cp37-abi3-win_amd64.whl", hash = "sha256:4cf3d4eb1aa9b348dec30105c55cd9b7d4629285735a102beb4441e38db90553", size = 244885, upload-time = "2025-02-13T21:54:37.486Z" },
]

[[package]]
name = "pygments"
version = "2.21.0"
source = { registry = "https://pypi.org/simple" }
sdist = { url = "https://files.pythonhosted.org/packages/49/2e/ced460408999b33da6b31b0021b0f37d329e202d4169aeb164493778f25b/pygments-2.21.0.tar.gz", hash = "sha256:610ca751c9bc2492b38eb9a38a7fbc93edbbb2d7182edaf34e66ae493dee5c8c", size = 5005329, upload-time = "2026-08-17T08:02:48.824Z" }
wheels = [
    { url = "https://files.pythonhosted.org/packages/71/46/17f022dd3e953bf20a04a028a21ec746d942f8d2af30fa0f124fa0e6a684/pygments-2.21.0-py3-none-any.whl", hash = "sha256:2363c69b61c4a97c838da3b130dcd6468f4848992b21a82f2a63ec34377137d9", size = 1250147, upload-time = "2026-08-17T08:02:44.912Z" },
]

[[package]]
name = "pyside6-essentials"
version = "6.8.3"
source = { registry = "https://pypi.org/simple" }
dependencies = [
    { name = "shiboken6", marker = "(platform_machine == 'AMD64' and sys_platform == 'win32') or (platform_machine != 'AMD64' and extra == 'extra-7-quest3d-gpu-blackwell' and extra == 'group-7-quest3d-gpu-default') or (sys_platform != 'win32' and extra == 'extra-7-quest3d-gpu-blackwell' and extra == 'group-7-quest3d-gpu-default')" },
]
wheels = [
    { url = "https://files.pythonhosted.org/packages/8e/0f/5d8c6da7586e57ee032643e0c0e62335ef1a1add1a980160ddd1654f1d8d/PySide6_Essentials-6.8.3-cp39-abi3-win_amd64.whl", hash = "sha256:3c0fae5550aff69f2166f46476c36e0ef56ce73d84829eac4559770b0c034b07", size = 72191029, upload-time = "2025-03-27T12:15:10.425Z" },
]

[[package]]
name = "pytest"
version = "8.4.2"
source = { registry = "https://pypi.org/simple" }
dependencies = [
    { name = "colorama", marker = "(platform_machine == 'AMD64' and sys_platform == 'win32') or (platform_machine != 'AMD64' and extra == 'extra-7-quest3d-gpu-blackwell' and extra == 'group-7-quest3d-gpu-default') or (sys_platform != 'win32' and extra == 'extra-7-quest3d-gpu-blackwell' and extra == 'group-7-quest3d-gpu-default')" },
    { name = "iniconfig", marker = "(platform_machine == 'AMD64' and sys_platform == 'win32') or (platform_machine != 'AMD64' and extra == 'extra-7-quest3d-gpu-blackwell' and extra == 'group-7-quest3d-gpu-default') or (sys_platform != 'win32' and extra == 'extra-7-quest3d-gpu-blackwell' and extra == 'group-7-quest3d-gpu-default')" },
    { name = "packaging", marker = "(platform_machine == 'AMD64' and sys_platform == 'win32') or (platform_machine != 'AMD64' and extra == 'extra-7-quest3d-gpu-blackwell' and extra == 'group-7-quest3d-gpu-default') or (sys_platform != 'win32' and extra == 'extra-7-quest3d-gpu-blackwell' and extra == 'group-7-quest3d-gpu-default')" },
    { name = "pluggy", marker = "(platform_machine == 'AMD64' and sys_platform == 'win32') or (platform_machine != 'AMD64' and extra == 'extra-7-quest3d-gpu-blackwell' and extra == 'group-7-quest3d-gpu-default') or (sys_platform != 'win32' and extra == 'extra-7-quest3d-gpu-blackwell' and extra == 'group-7-quest3d-gpu-default')" },
    { name = "pygments", marker = "(platform_machine == 'AMD64' and sys_platform == 'win32') or (platform_machine != 'AMD64' and extra == 'extra-7-quest3d-gpu-blackwell' and extra == 'group-7-quest3d-gpu-default') or (sys_platform != 'win32' and extra == 'extra-7-quest3d-gpu-blackwell' and extra == 'group-7-quest3d-gpu-default')" },
]
sdist = { url = "https://files.pythonhosted.org/packages/a3/5c/00a0e072241553e1a7496d638deababa67c5058571567b92a7eaa258397c/pytest-8.4.2.tar.gz", hash = "sha256:86c0d0b93306b961d58d62a4db4879f27fe25513d4b969df351abdddb3c30e01", size = 1519618, upload-time = "2025-09-04T14:34:22.711Z" }
wheels = [
    { url = "https://files.pythonhosted.org/packages/a8/a4/20da314d277121d6534b3a980b29035dcd51e6744bd79075a6ce8fa4eb8d/pytest-8.4.2-py3-none-any.whl", hash = "sha256:872f880de3fc3a5bdc88a11b39c9710c3497a547cfa9320bc3c5e62fbf272e79", size = 365750, upload-time = "2025-09-04T14:34:20.226Z" },
]

[[package]]
name = "quest3d"
version = "0.1.4"
source = { editable = "." }
dependencies = [
    { name = "av", marker = "(platform_machine == 'AMD64' and sys_platform == 'win32') or (platform_machine != 'AMD64' and extra == 'extra-7-quest3d-gpu-blackwell' and extra == 'group-7-quest3d-gpu-default') or (sys_platform != 'win32' and extra == 'extra-7-quest3d-gpu-blackwell' and extra == 'group-7-quest3d-gpu-default')" },
    { name = "mss", marker = "(platform_machine == 'AMD64' and sys_platform == 'win32') or (platform_machine != 'AMD64' and extra == 'extra-7-quest3d-gpu-blackwell' and extra == 'group-7-quest3d-gpu-default') or (sys_platform != 'win32' and extra == 'extra-7-quest3d-gpu-blackwell' and extra == 'group-7-quest3d-gpu-default')" },
    { name = "numpy", marker = "(platform_machine == 'AMD64' and sys_platform == 'win32') or (platform_machine != 'AMD64' and extra == 'extra-7-quest3d-gpu-blackwell' and extra == 'group-7-quest3d-gpu-default') or (sys_platform != 'win32' and extra == 'extra-7-quest3d-gpu-blackwell' and extra == 'group-7-quest3d-gpu-default')" },
    { name = "opencv-python-headless", marker = "(platform_machine == 'AMD64' and sys_platform == 'win32') or (platform_machine != 'AMD64' and extra == 'extra-7-quest3d-gpu-blackwell' and extra == 'group-7-quest3d-gpu-default') or (sys_platform != 'win32' and extra == 'extra-7-quest3d-gpu-blackwell' and extra == 'group-7-quest3d-gpu-default')" },
    { name = "pillow", marker = "(platform_machine == 'AMD64' and sys_platform == 'win32') or (platform_machine != 'AMD64' and extra == 'extra-7-quest3d-gpu-blackwell' and extra == 'group-7-quest3d-gpu-default') or (sys_platform != 'win32' and extra == 'extra-7-quest3d-gpu-blackwell' and extra == 'group-7-quest3d-gpu-default')" },
    { name = "psutil", marker = "(platform_machine == 'AMD64' and sys_platform == 'win32') or (platform_machine != 'AMD64' and extra == 'extra-7-quest3d-gpu-blackwell' and extra == 'group-7-quest3d-gpu-default') or (sys_platform != 'win32' and extra == 'extra-7-quest3d-gpu-blackwell' and extra == 'group-7-quest3d-gpu-default')" },
    { name = "pyside6-essentials", marker = "(platform_machine == 'AMD64' and sys_platform == 'win32') or (platform_machine != 'AMD64' and extra == 'extra-7-quest3d-gpu-blackwell' and extra == 'group-7-quest3d-gpu-default') or (sys_platform != 'win32' and extra == 'extra-7-quest3d-gpu-blackwell' and extra == 'group-7-quest3d-gpu-default')" },
    { name = "safetensors", marker = "(platform_machine == 'AMD64' and sys_platform == 'win32') or (platform_machine != 'AMD64' and extra == 'extra-7-quest3d-gpu-blackwell' and extra == 'group-7-quest3d-gpu-default') or (sys_platform != 'win32' and extra == 'extra-7-quest3d-gpu-blackwell' and extra == 'group-7-quest3d-gpu-default')" },
]

[package.optional-dependencies]
gpu-blackwell = [
    { name = "torch", version = "2.7.1+cu128", source = { registry = "https://download.pytorch.org/whl/cu128" }, marker = "platform_machine == 'AMD64' and sys_platform == 'win32'" },
    { name = "torchvision", version = "0.22.1+cu128", source = { registry = "https://download.pytorch.org/whl/cu128" }, marker = "platform_machine == 'AMD64' and sys_platform == 'win32'" },
]
gpu-capture = [
    { name = "wc-cuda", marker = "(platform_machine == 'AMD64' and sys_platform == 'win32') or (platform_machine != 'AMD64' and extra == 'extra-7-quest3d-gpu-blackwell' and extra == 'group-7-quest3d-gpu-default') or (sys_platform != 'win32' and extra == 'extra-7-quest3d-gpu-blackwell' and extra == 'group-7-quest3d-gpu-default')" },
]

[package.dev-dependencies]
dev = [
    { name = "pytest", marker = "(platform_machine == 'AMD64' and sys_platform == 'win32') or (platform_machine != 'AMD64' and extra == 'extra-7-quest3d-gpu-blackwell' and extra == 'group-7-quest3d-gpu-default') or (sys_platform != 'win32' and extra == 'extra-7-quest3d-gpu-blackwell' and extra == 'group-7-quest3d-gpu-default')" },
]
gpu-default = [
    { name = "torch", version = "2.7.1+cu126", source = { registry = "https://download.pytorch.org/whl/cu126" }, marker = "platform_machine == 'AMD64' and sys_platform == 'win32'" },
    { name = "torchvision", version = "0.22.1+cu126", source = { registry = "https://download.pytorch.org/whl/cu126" }, marker = "platform_machine == 'AMD64' and sys_platform == 'win32'" },
]

[package.metadata]
requires-dist = [
    { name = "av", specifier = "==15.0.0" },
    { name = "mss", specifier = "==10.1.0" },
    { name = "numpy", specifier = "==2.2.6" },
    { name = "opencv-python-headless", specifier = "==4.11.0.86" },
    { name = "pillow", specifier = "==11.2.1" },
    { name = "psutil", specifier = "==7.0.0" },
    { name = "pyside6-essentials", specifier = "==6.8.3" },
    { name = "safetensors", specifier = "==0.6.2" },
    { name = "torch", marker = "extra == 'gpu-blackwell'", specifier = "==2.7.1+cu128", index = "https://download.pytorch.org/whl/cu128", conflict = { package = "quest3d", extra = "gpu-blackwell" } },
    { name = "torchvision", marker = "extra == 'gpu-blackwell'", specifier = "==0.22.1+cu128", index = "https://download.pytorch.org/whl/cu128", conflict = { package = "quest3d", extra = "gpu-blackwell" } },
    { name = "wc-cuda", marker = "extra == 'gpu-capture'", path = "vendor/wheels/wc_cuda-0.1.2+quest1-cp310-abi3-win_amd64.whl" },
]
provides-extras = ["gpu-capture", "gpu-blackwell"]

[package.metadata.requires-dev]
dev = [{ name = "pytest", specifier = "==8.4.2" }]
gpu-default = [
    { name = "torch", specifier = "==2.7.1+cu126", index = "https://download.pytorch.org/whl/cu126", conflict = { package = "quest3d", group = "gpu-default" } },
    { name = "torchvision", specifier = "==0.22.1+cu126", index = "https://download.pytorch.org/whl/cu126", conflict = { package = "quest3d", group = "gpu-default" } },
]

[[package]]
name = "safetensors"
version = "0.6.2"
source = { registry = "https://pypi.org/simple" }
sdist = { url = "https://files.pythonhosted.org/packages/ac/cc/738f3011628920e027a11754d9cae9abec1aed00f7ae860abbf843755233/safetensors-0.6.2.tar.gz", hash = "sha256:43ff2aa0e6fa2dc3ea5524ac7ad93a9839256b8703761e76e2d0b2a3fa4f15d9", size = 197968, upload-time = "2025-08-08T13:13:58.654Z" }
wheels = [
    { url = "https://files.pythonhosted.org/packages/2c/c3/c0be1135726618dc1e28d181b8c442403d8dbb9e273fd791de2d4384bcdd/safetensors-0.6.2-cp38-abi3-win_amd64.whl", hash = "sha256:c7b214870df923cbc1593c3faee16bec59ea462758699bd3fee399d00aac072c", size = 320192, upload-time = "2025-08-08T13:13:59.467Z" },
]

[[package]]
name = "setuptools"
version = "84.0.0"
source = { registry = "https://pypi.org/simple" }
sdist = { url = "https://files.pythonhosted.org/packages/6d/44/f5da03a8ef95d369145c5bb53050e7877c9f3d312e128605fd9504829143/setuptools-84.0.0.tar.gz", hash = "sha256:f4695c21257f0d9b537ec2692c941d02ee143b7cc1276941349a546573b2ef73", size = 1168449, upload-time = "2026-08-08T18:27:58.365Z" }
wheels = [
    { url = "https://files.pythonhosted.org/packages/95/9c/c510029fc6ef33a6275cd2c5d3cecd6613dfd6aa401d57c54f1c18852ccf/setuptools-84.0.0-py3-none-any.whl", hash = "sha256:51a52592b3b99e102b609654876bd65f19f999935166d1352678931132b0c670", size = 818216, upload-time = "2026-08-08T18:27:56.719Z" },
]

[[package]]
name = "shiboken6"
version = "6.8.3"
source = { registry = "https://pypi.org/simple" }
wheels = [
    { url = "https://files.pythonhosted.org/packages/aa/29/e77f3fba5337f2d98f977eece0fd24cda6cf7d83be2699514d2ca1d34f6c/shiboken6-6.8.3-cp39-abi3-win_amd64.whl", hash = "sha256:bca3a94513ce9242f7d4bbdca902072a1631888e0aa3a8711a52cc5dbe93588f", size = 1150998, upload-time = "2025-03-27T12:07:33.38Z" },
]

[[package]]
name = "sympy"
version = "1.14.0"
source = { registry = "https://pypi.org/simple" }
dependencies = [
    { name = "mpmath", marker = "platform_machine == 'AMD64' and sys_platform == 'win32'" },
]
sdist = { url = "https://files.pythonhosted.org/packages/83/d3/803453b36afefb7c2bb238361cd4ae6125a569b4db67cd9e79846ba2d68c/sympy-1.14.0.tar.gz", hash = "sha256:d3d3fe8df1e5a0b42f0e7bdf50541697dbe7d23746e894990c030e2b05e72517", size = 7793921, upload-time = "2025-04-27T18:05:01.611Z" }
wheels = [
    { url = "https://files.pythonhosted.org/packages/a2/09/77d55d46fd61b4a135c444fc97158ef34a095e5681d0a6c10b75bf356191/sympy-1.14.0-py3-none-any.whl", hash = "sha256:e091cc3e99d2141a0ba2847328f5479b05d94a6635cb96148ccb3f34671bd8f5", size = 6299353, upload-time = "2025-04-27T18:04:59.103Z" },
]

[[package]]
name = "torch"
version = "2.7.1+cu126"
source = { registry = "https://download.pytorch.org/whl/cu126" }
resolution-markers = [
    "platform_machine == 'AMD64' and sys_platform == 'win32'",
]
dependencies = [
    { name = "filelock", marker = "platform_machine == 'AMD64' and sys_platform == 'win32'" },
    { name = "fsspec", marker = "platform_machine == 'AMD64' and sys_platform == 'win32'" },
    { name = "jinja2", marker = "platform_machine == 'AMD64' and sys_platform == 'win32'" },
    { name = "networkx", marker = "platform_machine == 'AMD64' and sys_platform == 'win32'" },
    { name = "setuptools", marker = "platform_machine == 'AMD64' and sys_platform == 'win32'" },
    { name = "sympy", marker = "platform_machine == 'AMD64' and sys_platform == 'win32'" },
    { name = "typing-extensions", marker = "platform_machine == 'AMD64' and sys_platform == 'win32'" },
]
wheels = [
    { url = "https://download-r2.pytorch.org/whl/cu126/torch-2.7.1%2Bcu126-cp312-cp312-win_amd64.whl", hash = "sha256:7d897b5ff67e778de4a2a05d4528377003105e29854fd73ecbe965287533f08b", upload-time = "2025-06-03T18:29:36Z" },
]

[[package]]
name = "torch"
version = "2.7.1+cu128"
source = { registry = "https://download.pytorch.org/whl/cu128" }
resolution-markers = [
    "platform_machine == 'AMD64' and sys_platform == 'win32'",
]
dependencies = [
    { name = "filelock", marker = "platform_machine == 'AMD64' and sys_platform == 'win32'" },
    { name = "fsspec", marker = "platform_machine == 'AMD64' and sys_platform == 'win32'" },
    { name = "jinja2", marker = "platform_machine == 'AMD64' and sys_platform == 'win32'" },
    { name = "networkx", marker = "platform_machine == 'AMD64' and sys_platform == 'win32'" },
    { name = "setuptools", marker = "platform_machine == 'AMD64' and sys_platform == 'win32'" },
    { name = "sympy", marker = "platform_machine == 'AMD64' and sys_platform == 'win32'" },
    { name = "typing-extensions", marker = "platform_machine == 'AMD64' and sys_platform == 'win32'" },
]
wheels = [
    { url = "https://download-r2.pytorch.org/whl/cu128/torch-2.7.1%2Bcu128-cp312-cp312-win_amd64.whl", hash = "sha256:2bb8c05d48ba815b316879a18195d53a6472a03e297d971e916753f8e1053d30", upload-time = "2025-06-03T18:31:46Z" },
]

[[package]]
name = "torchvision"
version = "0.22.1+cu126"
source = { registry = "https://download.pytorch.org/whl/cu126" }
resolution-markers = [
    "platform_machine == 'AMD64' and sys_platform == 'win32'",
]
dependencies = [
    { name = "numpy", marker = "platform_machine == 'AMD64' and sys_platform == 'win32'" },
    { name = "pillow", marker = "platform_machine == 'AMD64' and sys_platform == 'win32'" },
    { name = "torch", version = "2.7.1+cu126", source = { registry = "https://download.pytorch.org/whl/cu126" }, marker = "platform_machine == 'AMD64' and sys_platform == 'win32'" },
]
wheels = [
    { url = "https://download-r2.pytorch.org/whl/cu126/torchvision-0.22.1%2Bcu126-cp312-cp312-win_amd64.whl", hash = "sha256:8a46582304fdff54a953522851c91b4d6f35b1d5c48a7d81f7d893edf015ce91", upload-time = "2025-06-03T18:37:27Z" },
]

[[package]]
name = "torchvision"
version = "0.22.1+cu128"
source = { registry = "https://download.pytorch.org/whl/cu128" }
resolution-markers = [
    "platform_machine == 'AMD64' and sys_platform == 'win32'",
]
dependencies = [
    { name = "numpy", marker = "platform_machine == 'AMD64' and sys_platform == 'win32'" },
    { name = "pillow", marker = "platform_machine == 'AMD64' and sys_platform == 'win32'" },
    { name = "torch", version = "2.7.1+cu128", source = { registry = "https://download.pytorch.org/whl/cu128" }, marker = "platform_machine == 'AMD64' and sys_platform == 'win32'" },
]
wheels = [
    { url = "https://download-r2.pytorch.org/whl/cu128/torchvision-0.22.1%2Bcu128-cp312-cp312-win_amd64.whl", hash = "sha256:650561ba326d21021243f5e064133dc62dc64d52f79623db5cd76637a9665f96", upload-time = "2025-06-03T18:37:28Z" },
]

[[package]]
name = "typing-extensions"
version = "4.16.0"
source = { registry = "https://pypi.org/simple" }
sdist = { url = "https://files.pythonhosted.org/packages/f6/cc/6253133b5bb138fc3306cebfbda2c520f545d36b5be2c7255cc528bb45d6/typing_extensions-4.16.0.tar.gz", hash = "sha256:dc983d19a509c94dba722ee6abd33940f7c05a89e243c47e907eb4db6f1a43e5", size = 113555, upload-time = "2026-07-02T08:40:05.92Z" }
wheels = [
    { url = "https://files.pythonhosted.org/packages/49/d3/b8441a820a491ddfc024b0b0cf0393375b75ea13866d9c66727e54c2fc80/typing_extensions-4.16.0-py3-none-any.whl", hash = "sha256:481caa481374e813c1b176ada14e97f1f67a4539ce9cfeb3f350d78d6370c2e8", size = 45571, upload-time = "2026-07-02T08:40:04.659Z" },
]

[[package]]
name = "wc-cuda"
version = "0.1.2+quest1"
source = { path = "vendor/wheels/wc_cuda-0.1.2+quest1-cp310-abi3-win_amd64.whl" }
wheels = [
    { filename = "wc_cuda-0.1.2+quest1-cp310-abi3-win_amd64.whl", hash = "sha256:3c16f7a52956b391e4d6e481f64691ff4511b84e0233343eb1df8cb9f0883017" },
]
